
Microsoft Visual Studio Solution File, Format Version 12.00
# Visual Studio 14
VisualStudioVersion = 14.0.25420.1
MinimumVisualStudioVersion = 10.0.40219.1
Project("{FAE04EC0-301F-11D3-BF4B-00C04F79EFBC}") = "UNLMaps", "UNLMaps\UNLMaps\UNLMaps.csproj", "{32C58FA6-D334-4050-B1FA-850F3C7443CC}"
EndProject
Project("{FAE04EC0-301F-11D3-BF4B-00C04F79EFBC}") = "UNLMaps.Droid", "UNLMaps\UNLMaps.Droid\UNLMaps.Droid.csproj", "{877D9885-A46C-469D-A6FD-9288E8C94742}"
EndProject
Project("{FAE04EC0-301F-11D3-BF4B-00C04F79EFBC}") = "UNLMaps.iOS", "UNLMaps\UNLMaps.iOS\UNLMaps.iOS.csproj", "{DAE04CB1-DC8A-4A97-9C87-91276FDB7C1D}"
EndProject
Global
	GlobalSection(SolutionConfigurationPlatforms) = preSolution
		Ad-Hoc|Any CPU = Ad-Hoc|Any CPU
		Ad-Hoc|ARM = Ad-Hoc|ARM
		Ad-Hoc|iPhone = Ad-Hoc|iPhone
		Ad-Hoc|iPhoneSimulator = Ad-Hoc|iPhoneSimulator
		Ad-Hoc|x64 = Ad-Hoc|x64
		Ad-Hoc|x86 = Ad-Hoc|x86
		AppStore|Any CPU = AppStore|Any CPU
		AppStore|ARM = AppStore|ARM
		AppStore|iPhone = AppStore|iPhone
		AppStore|iPhoneSimulator = AppStore|iPhoneSimulator
		AppStore|x64 = AppStore|x64
		AppStore|x86 = AppStore|x86
		Debug|Any CPU = Debug|Any CPU
		Debug|ARM = Debug|ARM
		Debug|iPhone = Debug|iPhone
		Debug|iPhoneSimulator = Debug|iPhoneSimulator
		Debug|x64 = Debug|x64
		Debug|x86 = Debug|x86
		Release|Any CPU = Release|Any CPU
		Release|ARM = Release|ARM
		Release|iPhone = Release|iPhone
		Release|iPhoneSimulator = Release|iPhoneSimulator
		Release|x64 = Release|x64
		Release|x86 = Release|x86
	EndGlobalSection
	GlobalSection(ProjectConfigurationPlatforms) = postSolution
		{32C58FA6-D334-4050-B1FA-850F3C7443CC}.Ad-Hoc|Any CPU.ActiveCfg = Release|Any CPU
		{32C58FA6-D334-4050-B1FA-850F3C7443CC}.Ad-Hoc|Any CPU.Build.0 = Release|Any CPU
		{32C58FA6-D334-4050-B1FA-850F3C7443CC}.Ad-Hoc|ARM.ActiveCfg = Release|Any CPU
		{32C58FA6-D334-4050-B1FA-850F3C7443CC}.Ad-Hoc|ARM.Build.0 = Release|Any CPU
		{32C58FA6-D334-4050-B1FA-850F3C7443CC}.Ad-Hoc|iPhone.ActiveCfg = Release|Any CPU
		{32C58FA6-D334-4050-B1FA-850F3C7443CC}.Ad-Hoc|iPhone.Build.0 = Release|Any CPU
		{32C58FA6-D334-4050-B1FA-850F3C7443CC}.Ad-Hoc|iPhoneSimulator.ActiveCfg = Release|Any CPU
		{32C58FA6-D334-4050-B1FA-850F3C7443CC}.Ad-Hoc|iPhoneSimulator.Build.0 = Release|Any CPU
		{32C58FA6-D334-4050-B1FA-850F3C7443CC}.Ad-Hoc|x64.ActiveCfg = Release|Any CPU
		{32C58FA6-D334-4050-B1FA-850F3C7443CC}.Ad-Hoc|x64.Build.0 = Release|Any CPU
		{32C58FA6-D334-4050-B1FA-850F3C7443CC}.Ad-Hoc|x86.ActiveCfg = Release|Any CPU
		{32C58FA6-D334-4050-B1FA-850F3C7443CC}.Ad-Hoc|x86.Build.0 = Release|Any CPU
		{32C58FA6-D334-4050-B1FA-850F3C7443CC}.AppStore|Any CPU.ActiveCfg = Release|Any CPU
		{32C58FA6-D334-4050-B1FA-850F3C7443CC}.AppStore|Any CPU.Build.0 = Release|Any CPU
		{32C58FA6-D334-4050-B1FA-850F3C7443CC}.AppStore|ARM.ActiveCfg = Release|Any CPU
		{32C58FA6-D334-4050-B1FA-850F3C7443CC}.AppStore|ARM.Build.0 = Release|Any CPU
		{32C58FA6-D334-4050-B1FA-850F3C7443CC}.AppStore|iPhone.ActiveCfg = Release|Any CPU
		{32C58FA6-D334-4050-B1FA-850F3C7443CC}.AppStore|iPhone.Build.0 = Release|Any CPU
		{32C58FA6-D334-4050-B1FA-850F3C7443CC}.AppStore|iPhoneSimulator.ActiveCfg = Release|Any CPU
		{32C58FA6-D334-4050-B1FA-850F3C7443CC}.AppStore|iPhoneSimulator.Build.0 = Release|Any CPU
		{32C58FA6-D334-4050-B1FA-850F3C7443CC}.AppStore|x64.ActiveCfg = Release|Any CPU
		{32C58FA6-D334-4050-B1FA-850F3C7443CC}.AppStore|x64.Build.0 = Release|Any CPU
		{32C58FA6-D334-4050-B1FA-850F3C7443CC}.AppStore|x86.ActiveCfg = Release|Any CPU
		{32C58FA6-D334-4050-B1FA-850F3C7443CC}.AppStore|x86.Build.0 = Release|Any CPU
		{32C58FA6-D334-4050-B1FA-850F3C7443CC}.Debug|Any CPU.ActiveCfg = Debug|Any CPU
		{32C58FA6-D334-4050-B1FA-850F3C7443CC}.Debug|Any CPU.Build.0 = Debug|Any CPU
		{32C58FA6-D334-4050-B1FA-850F3C7443CC}.Debug|ARM.ActiveCfg = Debug|Any CPU
		{32C58FA6-D334-4050-B1FA-850F3C7443CC}.Debug|ARM.Build.0 = Debug|Any CPU
		{32C58FA6-D334-4050-B1FA-850F3C7443CC}.Debug|iPhone.ActiveCfg = Debug|Any CPU
		{32C58FA6-D334-4050-B1FA-850F3C7443CC}.Debug|iPhone.Build.0 = Debug|Any CPU
		{32C58FA6-D334-4050-B1FA-850F3C7443CC}.Debug|iPhoneSimulator.ActiveCfg = Debug|Any CPU
		{32C58FA6-D334-4050-B1FA-850F3C7443CC}.Debug|iPhoneSimulator.Build.0 = Debug|Any CPU
		{32C58FA6-D334-4050-B1FA-850F3C7443CC}.Debug|x64.ActiveCfg = Debug|Any CPU
		{32C58FA6-D334-4050-B1FA-850F3C7443CC}.Debug|x64.Build.0 = Debug|Any CPU
		{32C58FA6-D334-4050-B1FA-850F3C7443CC}.Debug|x86.ActiveCfg = Debug|Any CPU
		{32C58FA6-D334-4050-B1FA-850F3C7443CC}.Debug|x86.Build.0 = Debug|Any CPU
		{32C58FA6-D334-4050-B1FA-850F3C7443CC}.Release|Any CPU.ActiveCfg = Release|Any CPU
		{32C58FA6-D334-4050-B1FA-850F3C7443CC}.Release|Any CPU.Build.0 = Release|Any CPU
		{32C58FA6-D334-4050-B1FA-850F3C7443CC}.Release|ARM.ActiveCfg = Release|Any CPU
		{32C58FA6-D334-4050-B1FA-850F3C7443CC}.Release|ARM.Build.0 = Release|Any CPU
		{32C58FA6-D334-4050-B1FA-850F3C7443CC}.Release|iPhone.ActiveCfg = Release|Any CPU
		{32C58FA6-D334-4050-B1FA-850F3C7443CC}.Release|iPhone.Build.0 = Release|Any CPU
		{32C58FA6-D334-4050-B1FA-850F3C7443CC}.Release|iPhoneSimulator.ActiveCfg = Release|Any CPU
		{32C58FA6-D334-4050-B1FA-850F3C7443CC}.Release|iPhoneSimulator.Build.0 = Release|Any CPU
		{32C58FA6-D334-4050-B1FA-850F3C7443CC}.Release|x64.ActiveCfg = Release|Any CPU
		{32C58FA6-D334-4050-B1FA-850F3C7443CC}.Release|x64.Build.0 = Release|Any CPU
		{32C58FA6-D334-4050-B1FA-850F3C7443CC}.Release|x86.ActiveCfg = Release|Any CPU
		{32C58FA6-D334-4050-B1FA-850F3C7443CC}.Release|x86.Build.0 = Release|Any CPU
		{877D9885-A46C-469D-A6FD-9288E8C94742}.Ad-Hoc|Any CPU.ActiveCfg = Release|Any CPU
		{877D9885-A46C-469D-A6FD-9288E8C94742}.Ad-Hoc|Any CPU.Build.0 = Release|Any CPU
		{877D9885-A46C-469D-A6FD-9288E8C94742}.Ad-Hoc|Any CPU.Deploy.0 = Release|Any CPU
		{877D9885-A46C-469D-A6FD-9288E8C94742}.Ad-Hoc|ARM.ActiveCfg = Release|Any CPU
		{877D9885-A46C-469D-A6FD-9288E8C94742}.Ad-Hoc|ARM.Build.0 = Release|Any CPU
		{877D9885-A46C-469D-A6FD-9288E8C94742}.Ad-Hoc|ARM.Deploy.0 = Release|Any CPU
		{877D9885-A46C-469D-A6FD-9288E8C94742}.Ad-Hoc|iPhone.ActiveCfg = Release|Any CPU
		{877D9885-A46C-469D-A6FD-9288E8C94742}.Ad-Hoc|iPhone.Build.0 = Release|Any CPU
		{877D9885-A46C-469D-A6FD-9288E8C94742}.Ad-Hoc|iPhone.Deploy.0 = Release|Any CPU
		{877D9885-A46C-469D-A6FD-9288E8C94742}.Ad-Hoc|iPhoneSimulator.ActiveCfg = Release|Any CPU
		{877D9885-A46C-469D-A6FD-9288E8C94742}.Ad-Hoc|iPhoneSimulator.Build.0 = Release|Any CPU
		{877D9885-A46C-469D-A6FD-9288E8C94742}.Ad-Hoc|iPhoneSimulator.Deploy.0 = Release|Any CPU
		{877D9885-A46C-469D-A6FD-9288E8C94742}.Ad-Hoc|x64.ActiveCfg = Release|Any CPU
		{877D9885-A46C-469D-A6FD-9288E8C94742}.Ad-Hoc|x64.Build.0 = Release|Any CPU
		{877D9885-A46C-469D-A6FD-9288E8C94742}.Ad-Hoc|x64.Deploy.0 = Release|Any CPU
		{877D9885-A46C-469D-A6FD-9288E8C94742}.Ad-Hoc|x86.ActiveCfg = Release|Any CPU
		{877D9885-A46C-469D-A6FD-9288E8C94742}.Ad-Hoc|x86.Build.0 = Release|Any CPU
		{877D9885-A46C-469D-A6FD-9288E8C94742}.Ad-Hoc|x86.Deploy.0 = Release|Any CPU
		{877D9885-A46C-469D-A6FD-9288E8C94742}.AppStore|Any CPU.ActiveCfg = Release|Any CPU
		{877D9885-A46C-469D-A6FD-9288E8C94742}.AppStore|Any CPU.Build.0 = Release|Any CPU
		{877D9885-A46C-469D-A6FD-9288E8C94742}.AppStore|Any CPU.Deploy.0 = Release|Any CPU
		{877D9885-A46C-469D-A6FD-9288E8C94742}.AppStore|ARM.ActiveCfg = Release|Any CPU
		{877D9885-A46C-469D-A6FD-9288E8C94742}.AppStore|ARM.Build.0 = Release|Any CPU
		{877D9885-A46C-469D-A6FD-9288E8C94742}.AppStore|ARM.Deploy.0 = Release|Any CPU
		{877D9885-A46C-469D-A6FD-9288E8C94742}.AppStore|iPhone.ActiveCfg = Release|Any CPU
		{877D9885-A46C-469D-A6FD-9288E8C94742}.AppStore|iPhone.Build.0 = Release|Any CPU
		{877D9885-A46C-469D-A6FD-9288E8C94742}.AppStore|iPhone.Deploy.0 = Release|Any CPU
		{877D9885-A46C-469D-A6FD-9288E8C94742}.AppStore|iPhoneSimulator.ActiveCfg = Release|Any CPU
		{877D9885-A46C-469D-A6FD-9288E8C94742}.AppStore|iPhoneSimulator.Build.0 = Release|Any CPU
		{877D9885-A46C-469D-A6FD-9288E8C94742}.AppStore|iPhoneSimulator.Deploy.0 = Release|Any CPU
		{877D9885-A46C-469D-A6FD-9288E8C94742}.AppStore|x64.ActiveCfg = Release|Any CPU
		{877D9885-A46C-469D-A6FD-9288E8C94742}.AppStore|x64.Build.0 = Release|Any CPU
		{877D9885-A46C-469D-A6FD-9288E8C94742}.AppStore|x64.Deploy.0 = Release|Any CPU
		{877D9885-A46C-469D-A6FD-9288E8C94742}.AppStore|x86.ActiveCfg = Release|Any CPU
		{877D9885-A46C-469D-A6FD-9288E8C94742}.AppStore|x86.Build.0 = Release|Any CPU
		{877D9885-A46C-469D-A6FD-9288E8C94742}.AppStore|x86.Deploy.0 = Release|Any CPU
		{877D9885-A46C-469D-A6FD-9288E8C94742}.Debug|Any CPU.ActiveCfg = Debug|Any CPU
		{877D9885-A46C-469D-A6FD-9288E8C94742}.Debug|Any CPU.Build.0 = Debug|Any CPU
		{877D9885-A46C-469D-A6FD-9288E8C94742}.Debug|Any CPU.Deploy.0 = Debug|Any CPU
		{877D9885-A46C-469D-A6FD-9288E8C94742}.Debug|ARM.ActiveCfg = Debug|Any CPU
		{877D9885-A46C-469D-A6FD-9288E8C94742}.Debug|ARM.Build.0 = Debug|Any CPU
		{877D9885-A46C-469D-A6FD-9288E8C94742}.Debug|ARM.Deploy.0 = Debug|Any CPU
		{877D9885-A46C-469D-A6FD-9288E8C94742}.Debug|iPhone.ActiveCfg = Debug|Any CPU
		{877D9885-A46C-469D-A6FD-9288E8C94742}.Debug|iPhone.Build.0 = Debug|Any CPU
		{877D9885-A46C-469D-A6FD-9288E8C94742}.Debug|iPhone.Deploy.0 = Debug|Any CPU
		{877D9885-A46C-469D-A6FD-9288E8C94742}.Debug|iPhoneSimulator.ActiveCfg = Debug|Any CPU
		{877D9885-A46C-469D-A6FD-9288E8C94742}.Debug|iPhoneSimulator.Build.0 = Debug|Any CPU
		{877D9885-A46C-469D-A6FD-9288E8C94742}.Debug|iPhoneSimulator.Deploy.0 = Debug|Any CPU
		{877D9885-A46C-469D-A6FD-9288E8C94742}.Debug|x64.ActiveCfg = Debug|Any CPU
		{877D9885-A46C-469D-A6FD-9288E8C94742}.Debug|x64.Build.0 = Debug|Any CPU
		{877D9885-A46C-469D-A6FD-9288E8C94742}.Debug|x64.Deploy.0 = Debug|Any CPU
		{877D9885-A46C-469D-A6FD-9288E8C94742}.Debug|x86.ActiveCfg = Debug|Any CPU
		{877D9885-A46C-469D-A6FD-9288E8C94742}.Debug|x86.Build.0 = Debug|Any CPU
		{877D9885-A46C-469D-A6FD-9288E8C94742}.Debug|x86.Deploy.0 = Debug|Any CPU
		{877D9885-A46C-469D-A6FD-9288E8C94742}.Release|Any CPU.ActiveCfg = Release|Any CPU
		{877D9885-A46C-469D-A6FD-9288E8C94742}.Release|Any CPU.Build.0 = Release|Any CPU
		{877D9885-A46C-469D-A6FD-9288E8C94742}.Release|Any CPU.Deploy.0 = Release|Any CPU
		{877D9885-A46C-469D-A6FD-9288E8C94742}.Release|ARM.ActiveCfg = Release|Any CPU
		{877D9885-A46C-469D-A6FD-9288E8C94742}.Release|ARM.Build.0 = Release|Any CPU
		{877D9885-A46C-469D-A6FD-9288E8C94742}.Release|ARM.Deploy.0 = Release|Any CPU
		{877D9885-A46C-469D-A6FD-9288E8C94742}.Release|iPhone.ActiveCfg = Release|Any CPU
		{877D9885-A46C-469D-A6FD-9288E8C94742}.Release|iPhone.Build.0 = Release|Any CPU
		{877D9885-A46C-469D-A6FD-9288E8C94742}.Release|iPhone.Deploy.0 = Release|Any CPU
		{877D9885-A46C-469D-A6FD-9288E8C94742}.Release|iPhoneSimulator.ActiveCfg = Release|Any CPU
		{877D9885-A46C-469D-A6FD-9288E8C94742}.Release|iPhoneSimulator.Build.0 = Release|Any CPU
		{877D9885-A46C-469D-A6FD-9288E8C94742}.Release|iPhoneSimulator.Deploy.0 = Release|Any CPU
		{877D9885-A46C-469D-A6FD-9288E8C94742}.Release|x64.ActiveCfg = Release|Any CPU
		{877D9885-A46C-469D-A6FD-9288E8C94742}.Release|x64.Build.0 = Release|Any CPU
		{877D9885-A46C-469D-A6FD-9288E8C94742}.Release|x64.Deploy.0 = Release|Any CPU
		{877D9885-A46C-469D-A6FD-9288E8C94742}.Release|x86.ActiveCfg = Release|Any CPU
		{877D9885-A46C-469D-A6FD-9288E8C94742}.Release|x86.Build.0 = Release|Any CPU
		{877D9885-A46C-469D-A6FD-9288E8C94742}.Release|x86.Deploy.0 = Release|Any CPU
		{DAE04CB1-DC8A-4A97-9C87-91276FDB7C1D}.Ad-Hoc|Any CPU.ActiveCfg = Ad-Hoc|iPhone
		{DAE04CB1-DC8A-4A97-9C87-91276FDB7C1D}.Ad-Hoc|ARM.ActiveCfg = Ad-Hoc|iPhone
		{DAE04CB1-DC8A-4A97-9C87-91276FDB7C1D}.Ad-Hoc|iPhone.ActiveCfg = Ad-Hoc|iPhone
		{DAE04CB1-DC8A-4A97-9C87-91276FDB7C1D}.Ad-Hoc|iPhone.Build.0 = Ad-Hoc|iPhone
		{DAE04CB1-DC8A-4A97-9C87-91276FDB7C1D}.Ad-Hoc|iPhoneSimulator.ActiveCfg = Ad-Hoc|iPhoneSimulator
		{DAE04CB1-DC8A-4A97-9C87-91276FDB7C1D}.Ad-Hoc|iPhoneSimulator.Build.0 = Ad-Hoc|iPhoneSimulator
		{DAE04CB1-DC8A-4A97-9C87-91276FDB7C1D}.Ad-Hoc|x64.ActiveCfg = Ad-Hoc|iPhone
		{DAE04CB1-DC8A-4A97-9C87-91276FDB7C1D}.Ad-Hoc|x86.ActiveCfg = Ad-Hoc|iPhone
		{DAE04CB1-DC8A-4A97-9C87-91276FDB7C1D}.AppStore|Any CPU.ActiveCfg = AppStore|iPhone
		{DAE04CB1-DC8A-4A97-9C87-91276FDB7C1D}.AppStore|ARM.ActiveCfg = AppStore|iPhone
		{DAE04CB1-DC8A-4A97-9C87-91276FDB7C1D}.AppStore|iPhone.ActiveCfg = AppStore|iPhone
		{DAE04CB1-DC8A-4A97-9C87-91276FDB7C1D}.AppStore|iPhone.Build.0 = AppStore|iPhone
		{DAE04CB1-DC8A-4A97-9C87-91276FDB7C1D}.AppStore|iPhoneSimulator.ActiveCfg = AppStore|iPhoneSimulator
		{DAE04CB1-DC8A-4A97-9C87-91276FDB7C1D}.AppStore|iPhoneSimulator.Build.0 = AppStore|iPhoneSimulator
		{DAE04CB1-DC8A-4A97-9C87-91276FDB7C1D}.AppStore|x64.ActiveCfg = AppStore|iPhone
		{DAE04CB1-DC8A-4A97-9C87-91276FDB7C1D}.AppStore|x86.ActiveCfg = AppStore|iPhone
		{DAE04CB1-DC8A-4A97-9C87-91276FDB7C1D}.Debug|Any CPU.ActiveCfg = Debug|iPhone
		{DAE04CB1-DC8A-4A97-9C87-91276FDB7C1D}.Debug|ARM.ActiveCfg = Debug|iPhone
		{DAE04CB1-DC8A-4A97-9C87-91276FDB7C1D}.Debug|iPhone.ActiveCfg = Debug|iPhone
		{DAE04CB1-DC8A-4A97-9C87-91276FDB7C1D}.Debug|iPhone.Build.0 = Debug|iPhone
		{DAE04CB1-DC8A-4A97-9C87-91276FDB7C1D}.Debug|iPhoneSimulator.ActiveCfg = Debug|iPhoneSimulator
		{DAE04CB1-DC8A-4A97-9C87-91276FDB7C1D}.Debug|iPhoneSimulator.Build.0 = Debug|iPhoneSimulator
		{DAE04CB1-DC8A-4A97-9C87-91276FDB7C1D}.Debug|x64.ActiveCfg = Debug|iPhone
		{DAE04CB1-DC8A-4A97-9C87-91276FDB7C1D}.Debug|x86.ActiveCfg = Debug|iPhone
		{DAE04CB1-DC8A-4A97-9C87-91276FDB7C1D}.Release|Any CPU.ActiveCfg = Release|iPhone
		{DAE04CB1-DC8A-4A97-9C87-91276FDB7C1D}.Release|ARM.ActiveCfg = Release|iPhone
		{DAE04CB1-DC8A-4A97-9C87-91276FDB7C1D}.Release|iPhone.ActiveCfg = Release|iPhone
		{DAE04CB1-DC8A-4A97-9C87-91276FDB7C1D}.Release|iPhone.Build.0 = Release|iPhone
		{DAE04CB1-DC8A-4A97-9C87-91276FDB7C1D}.Release|iPhoneSimulator.ActiveCfg = Release|iPhoneSimulator
		{DAE04CB1-DC8A-4A97-9C87-91276FDB7C1D}.Release|iPhoneSimulator.Build.0 = Release|iPhoneSimulator
		{DAE04CB1-DC8A-4A97-9C87-91276FDB7C1D}.Release|x64.ActiveCfg = Release|iPhone
		{DAE04CB1-DC8A-4A97-9C87-91276FDB7C1D}.Release|x86.ActiveCfg = Release|iPhone
	EndGlobalSection
	GlobalSection(SolutionProperties) = preSolution
		HideSolutionNode = FALSE
	EndGlobalSection
EndGlobal
